
Microsoft Visual Studio Solution File, Format Version 12.00
# Visual Studio Version 17
VisualStudioVersion = 17.0.31903.59
MinimumVisualStudioVersion = 10.0.40219.1
Project("{2150E333-8FDC-42A3-9474-1A3956D46DE8}") = "src", "src", "{827E0CD3-B72D-47B6-A68D-7590B98EB39B}"
EndProject
Project("{FAE04EC0-301F-11D3-BF4B-00C04F79EFBC}") = "Sentinel.Domain", "src\Sentinel.Domain\Sentinel.Domain.csproj", "{5BCFA872-6A2B-4FCB-AF82-E42E7FF09644}"
EndProject
Project("{FAE04EC0-301F-11D3-BF4B-00C04F79EFBC}") = "Sentinel.Infrastructure", "src\Sentinel.Infrastructure\Sentinel.Infrastructure.csproj", "{2A7487AF-E475-4C8F-BDF1-581D7A241E9E}"
EndProject
Project("{FAE04EC0-301F-11D3-BF4B-00C04F79EFBC}") = "Sentinel.Api", "src\Sentinel.Api\Sentinel.Api.csproj", "{8A143DCE-2B99-46CB-B938-F17E35F89787}"
EndProject
Project("{FAE04EC0-301F-11D3-BF4B-00C04F79EFBC}") = "Sentinel.Workers", "src\Sentinel.Workers\Sentinel.Workers.csproj", "{ACA3825D-ECDC-48C7-A0F0-A88E61BEB154}"
EndProject
Project("{2150E333-8FDC-42A3-9474-1A3956D46DE8}") = "tests", "tests", "{0AB3BF05-4346-4AA6-1389-037BE0695223}"
EndProject
Project("{FAE04EC0-301F-11D3-BF4B-00C04F79EFBC}") = "Sentinel.UnitTests", "tests\Sentinel.UnitTests\Sentinel.UnitTests.csproj", "{7B841BD1-47A2-487F-ACC0-69808802B28D}"
EndProject
Project("{FAE04EC0-301F-11D3-BF4B-00C04F79EFBC}") = "Sentinel.IntegrationTests", "tests\Sentinel.IntegrationTests\Sentinel.IntegrationTests.csproj", "{E50F5ADB-52F3-4E1B-9F1A-3FD307030948}"
EndProject
Project("{FAE04EC0-301F-11D3-BF4B-00C04F79EFBC}") = "Sentinel.Benchmarks", "tests\Sentinel.Benchmarks\Sentinel.Benchmarks.csproj", "{B8BA1B4C-05F5-44C3-8DAB-87446993714E}"
EndProject
Project("{2150E333-8FDC-42A3-9474-1A3956D46DE8}") = "plugins", "plugins", "{07D57EEB-2F50-60C4-C011-FE4FA775C9A8}"
EndProject
Project("{FAE04EC0-301F-11D3-BF4B-00C04F79EFBC}") = "Sentinel.PluginSdk", "plugins\Sentinel.PluginSdk\Sentinel.PluginSdk.csproj", "{A6EE71E0-42BE-4424-8345-F895EC39CE4E}"
EndProject
Project("{2150E333-8FDC-42A3-9474-1A3956D46DE8}") = "samples", "samples", "{E6D71080-3836-6B50-26E2-5E41DF5A56BB}"
EndProject
Project("{FAE04EC0-301F-11D3-BF4B-00C04F79EFBC}") = "Sentinel.Plugins.SlackAlert", "plugins\samples\Sentinel.Plugins.SlackAlert\Sentinel.Plugins.SlackAlert.csproj", "{02E99248-C6B6-4AF2-9DD9-A105174AAE96}"
EndProject
Project("{FAE04EC0-301F-11D3-BF4B-00C04F79EFBC}") = "Sentinel.Plugins.FileCollector", "plugins\samples\Sentinel.Plugins.FileCollector\Sentinel.Plugins.FileCollector.csproj", "{C5607F29-31D1-436B-A1E8-4719BEFE65F5}"
EndProject
Project("{FAE04EC0-301F-11D3-BF4B-00C04F79EFBC}") = "Sentinel.Plugins.OllamaAi", "plugins\samples\Sentinel.Plugins.OllamaAi\Sentinel.Plugins.OllamaAi.csproj", "{05528DA7-58DC-434E-9585-AF7B8014E3A9}"
EndProject
Project("{2150E333-8FDC-42A3-9474-1A3956D46DE8}") = "cli", "cli", "{342A349A-D343-8551-4064-2E2800C39E13}"
EndProject
Project("{FAE04EC0-301F-11D3-BF4B-00C04F79EFBC}") = "Sentinel.CLI", "cli\Sentinel.CLI\Sentinel.CLI.csproj", "{42263440-CB77-402B-98A5-D78FC35E1625}"
EndProject
Project("{2150E333-8FDC-42A3-9474-1A3956D46DE8}") = "sdk", "sdk", "{FF13A09E-0E72-1904-124B-A4E979EF28D3}"
EndProject
Project("{2150E333-8FDC-42A3-9474-1A3956D46DE8}") = "dotnet", "dotnet", "{9D954F24-B3F1-FF05-00E7-71549D8DD0D6}"
EndProject
Project("{FAE04EC0-301F-11D3-BF4B-00C04F79EFBC}") = "Sentinel.Sdk", "sdk\dotnet\Sentinel.Sdk\Sentinel.Sdk.csproj", "{C21AAC68-12E7-4962-AF30-348B752D6145}"
EndProject
Project("{2150E333-8FDC-42A3-9474-1A3956D46DE8}") = "examples", "examples", "{B36A84DF-456D-A817-6EDD-3EC3E7F6E11F}"
EndProject
Project("{FAE04EC0-301F-11D3-BF4B-00C04F79EFBC}") = "dotnet-log-shipper", "examples\dotnet-log-shipper\dotnet-log-shipper.csproj", "{FB64B5AD-C55A-4FBE-85A9-B9A8274EA734}"
EndProject
Project("{FAE04EC0-301F-11D3-BF4B-00C04F79EFBC}") = "Sentinel.E2E", "tests\Sentinel.E2E\Sentinel.E2E.csproj", "{10818985-D8AD-411D-BDA1-38EEFDC3B548}"
EndProject
Global
	GlobalSection(SolutionConfigurationPlatforms) = preSolution
		Debug|Any CPU = Debug|Any CPU
		Debug|x64 = Debug|x64
		Debug|x86 = Debug|x86
		Release|Any CPU = Release|Any CPU
		Release|x64 = Release|x64
		Release|x86 = Release|x86
	EndGlobalSection
	GlobalSection(ProjectConfigurationPlatforms) = postSolution
		{5BCFA872-6A2B-4FCB-AF82-E42E7FF09644}.Debug|Any CPU.ActiveCfg = Debug|Any CPU
		{5BCFA872-6A2B-4FCB-AF82-E42E7FF09644}.Debug|Any CPU.Build.0 = Debug|Any CPU
		{5BCFA872-6A2B-4FCB-AF82-E42E7FF09644}.Debug|x64.ActiveCfg = Debug|Any CPU
		{5BCFA872-6A2B-4FCB-AF82-E42E7FF09644}.Debug|x64.Build.0 = Debug|Any CPU
		{5BCFA872-6A2B-4FCB-AF82-E42E7FF09644}.Debug|x86.ActiveCfg = Debug|Any CPU
		{5BCFA872-6A2B-4FCB-AF82-E42E7FF09644}.Debug|x86.Build.0 = Debug|Any CPU
		{5BCFA872-6A2B-4FCB-AF82-E42E7FF09644}.Release|Any CPU.ActiveCfg = Release|Any CPU
		{5BCFA872-6A2B-4FCB-AF82-E42E7FF09644}.Release|Any CPU.Build.0 = Release|Any CPU
		{5BCFA872-6A2B-4FCB-AF82-E42E7FF09644}.Release|x64.ActiveCfg = Release|Any CPU
		{5BCFA872-6A2B-4FCB-AF82-E42E7FF09644}.Release|x64.Build.0 = Release|Any CPU
		{5BCFA872-6A2B-4FCB-AF82-E42E7FF09644}.Release|x86.ActiveCfg = Release|Any CPU
		{5BCFA872-6A2B-4FCB-AF82-E42E7FF09644}.Release|x86.Build.0 = Release|Any CPU
		{2A7487AF-E475-4C8F-BDF1-581D7A241E9E}.Debug|Any CPU.ActiveCfg = Debug|Any CPU
		{2A7487AF-E475-4C8F-BDF1-581D7A241E9E}.Debug|Any CPU.Build.0 = Debug|Any CPU
		{2A7487AF-E475-4C8F-BDF1-581D7A241E9E}.Debug|x64.ActiveCfg = Debug|Any CPU
		{2A7487AF-E475-4C8F-BDF1-581D7A241E9E}.Debug|x64.Build.0 = Debug|Any CPU
		{2A7487AF-E475-4C8F-BDF1-581D7A241E9E}.Debug|x86.ActiveCfg = Debug|Any CPU
		{2A7487AF-E475-4C8F-BDF1-581D7A241E9E}.Debug|x86.Build.0 = Debug|Any CPU
		{2A7487AF-E475-4C8F-BDF1-581D7A241E9E}.Release|Any CPU.ActiveCfg = Release|Any CPU
		{2A7487AF-E475-4C8F-BDF1-581D7A241E9E}.Release|Any CPU.Build.0 = Release|Any CPU
		{2A7487AF-E475-4C8F-BDF1-581D7A241E9E}.Release|x64.ActiveCfg = Release|Any CPU
		{2A7487AF-E475-4C8F-BDF1-581D7A241E9E}.Release|x64.Build.0 = Release|Any CPU
		{2A7487AF-E475-4C8F-BDF1-581D7A241E9E}.Release|x86.ActiveCfg = Release|Any CPU
		{2A7487AF-E475-4C8F-BDF1-581D7A241E9E}.Release|x86.Build.0 = Release|Any CPU
		{8A143DCE-2B99-46CB-B938-F17E35F89787}.Debug|Any CPU.ActiveCfg = Debug|Any CPU
		{8A143DCE-2B99-46CB-B938-F17E35F89787}.Debug|Any CPU.Build.0 = Debug|Any CPU
		{8A143DCE-2B99-46CB-B938-F17E35F89787}.Debug|x64.ActiveCfg = Debug|Any CPU
		{8A143DCE-2B99-46CB-B938-F17E35F89787}.Debug|x64.Build.0 = Debug|Any CPU
		{8A143DCE-2B99-46CB-B938-F17E35F89787}.Debug|x86.ActiveCfg = Debug|Any CPU
		{8A143DCE-2B99-46CB-B938-F17E35F89787}.Debug|x86.Build.0 = Debug|Any CPU
		{8A143DCE-2B99-46CB-B938-F17E35F89787}.Release|Any CPU.ActiveCfg = Release|Any CPU
		{8A143DCE-2B99-46CB-B938-F17E35F89787}.Release|Any CPU.Build.0 = Release|Any CPU
		{8A143DCE-2B99-46CB-B938-F17E35F89787}.Release|x64.ActiveCfg = Release|Any CPU
		{8A143DCE-2B99-46CB-B938-F17E35F89787}.Release|x64.Build.0 = Release|Any CPU
		{8A143DCE-2B99-46CB-B938-F17E35F89787}.Release|x86.ActiveCfg = Release|Any CPU
		{8A143DCE-2B99-46CB-B938-F17E35F89787}.Release|x86.Build.0 = Release|Any CPU
		{ACA3825D-ECDC-48C7-A0F0-A88E61BEB154}.Debug|Any CPU.ActiveCfg = Debug|Any CPU
		{ACA3825D-ECDC-48C7-A0F0-A88E61BEB154}.Debug|Any CPU.Build.0 = Debug|Any CPU
		{ACA3825D-ECDC-48C7-A0F0-A88E61BEB154}.Debug|x64.ActiveCfg = Debug|Any CPU
		{ACA3825D-ECDC-48C7-A0F0-A88E61BEB154}.Debug|x64.Build.0 = Debug|Any CPU
		{ACA3825D-ECDC-48C7-A0F0-A88E61BEB154}.Debug|x86.ActiveCfg = Debug|Any CPU
		{ACA3825D-ECDC-48C7-A0F0-A88E61BEB154}.Debug|x86.Build.0 = Debug|Any CPU
		{ACA3825D-ECDC-48C7-A0F0-A88E61BEB154}.Release|Any CPU.ActiveCfg = Release|Any CPU
		{ACA3825D-ECDC-48C7-A0F0-A88E61BEB154}.Release|Any CPU.Build.0 = Release|Any CPU
		{ACA3825D-ECDC-48C7-A0F0-A88E61BEB154}.Release|x64.ActiveCfg = Release|Any CPU
		{ACA3825D-ECDC-48C7-A0F0-A88E61BEB154}.Release|x64.Build.0 = Release|Any CPU
		{ACA3825D-ECDC-48C7-A0F0-A88E61BEB154}.Release|x86.ActiveCfg = Release|Any CPU
		{ACA3825D-ECDC-48C7-A0F0-A88E61BEB154}.Release|x86.Build.0 = Release|Any CPU
		{7B841BD1-47A2-487F-ACC0-69808802B28D}.Debug|Any CPU.ActiveCfg = Debug|Any CPU
		{7B841BD1-47A2-487F-ACC0-69808802B28D}.Debug|Any CPU.Build.0 = Debug|Any CPU
		{7B841BD1-47A2-487F-ACC0-69808802B28D}.Debug|x64.ActiveCfg = Debug|Any CPU
		{7B841BD1-47A2-487F-ACC0-69808802B28D}.Debug|x64.Build.0 = Debug|Any CPU
		{7B841BD1-47A2-487F-ACC0-69808802B28D}.Debug|x86.ActiveCfg = Debug|Any CPU
		{7B841BD1-47A2-487F-ACC0-69808802B28D}.Debug|x86.Build.0 = Debug|Any CPU
		{7B841BD1-47A2-487F-ACC0-69808802B28D}.Release|Any CPU.ActiveCfg = Release|Any CPU
		{7B841BD1-47A2-487F-ACC0-69808802B28D}.Release|Any CPU.Build.0 = Release|Any CPU
		{7B841BD1-47A2-487F-ACC0-69808802B28D}.Release|x64.ActiveCfg = Release|Any CPU
		{7B841BD1-47A2-487F-ACC0-69808802B28D}.Release|x64.Build.0 = Release|Any CPU
		{7B841BD1-47A2-487F-ACC0-69808802B28D}.Release|x86.ActiveCfg = Release|Any CPU
		{7B841BD1-47A2-487F-ACC0-69808802B28D}.Release|x86.Build.0 = Release|Any CPU
		{E50F5ADB-52F3-4E1B-9F1A-3FD307030948}.Debug|Any CPU.ActiveCfg = Debug|Any CPU
		{E50F5ADB-52F3-4E1B-9F1A-3FD307030948}.Debug|Any CPU.Build.0 = Debug|Any CPU
		{E50F5ADB-52F3-4E1B-9F1A-3FD307030948}.Debug|x64.ActiveCfg = Debug|Any CPU
		{E50F5ADB-52F3-4E1B-9F1A-3FD307030948}.Debug|x64.Build.0 = Debug|Any CPU
		{E50F5ADB-52F3-4E1B-9F1A-3FD307030948}.Debug|x86.ActiveCfg = Debug|Any CPU
		{E50F5ADB-52F3-4E1B-9F1A-3FD307030948}.Debug|x86.Build.0 = Debug|Any CPU
		{E50F5ADB-52F3-4E1B-9F1A-3FD307030948}.Release|Any CPU.ActiveCfg = Release|Any CPU
		{E50F5ADB-52F3-4E1B-9F1A-3FD307030948}.Release|Any CPU.Build.0 = Release|Any CPU
		{E50F5ADB-52F3-4E1B-9F1A-3FD307030948}.Release|x64.ActiveCfg = Release|Any CPU
		{E50F5ADB-52F3-4E1B-9F1A-3FD307030948}.Release|x64.Build.0 = Release|Any CPU
		{E50F5ADB-52F3-4E1B-9F1A-3FD307030948}.Release|x86.ActiveCfg = Release|Any CPU
		{E50F5ADB-52F3-4E1B-9F1A-3FD307030948}.Release|x86.Build.0 = Release|Any CPU
		{B8BA1B4C-05F5-44C3-8DAB-87446993714E}.Debug|Any CPU.ActiveCfg = Debug|Any CPU
		{B8BA1B4C-05F5-44C3-8DAB-87446993714E}.Debug|Any CPU.Build.0 = Debug|Any CPU
		{B8BA1B4C-05F5-44C3-8DAB-87446993714E}.Debug|x64.ActiveCfg = Debug|Any CPU
		{B8BA1B4C-05F5-44C3-8DAB-87446993714E}.Debug|x64.Build.0 = Debug|Any CPU
		{B8BA1B4C-05F5-44C3-8DAB-87446993714E}.Debug|x86.ActiveCfg = Debug|Any CPU
		{B8BA1B4C-05F5-44C3-8DAB-87446993714E}.Debug|x86.Build.0 = Debug|Any CPU
		{B8BA1B4C-05F5-44C3-8DAB-87446993714E}.Release|Any CPU.ActiveCfg = Release|Any CPU
		{B8BA1B4C-05F5-44C3-8DAB-87446993714E}.Release|Any CPU.Build.0 = Release|Any CPU
		{B8BA1B4C-05F5-44C3-8DAB-87446993714E}.Release|x64.ActiveCfg = Release|Any CPU
		{B8BA1B4C-05F5-44C3-8DAB-87446993714E}.Release|x64.Build.0 = Release|Any CPU
		{B8BA1B4C-05F5-44C3-8DAB-87446993714E}.Release|x86.ActiveCfg = Release|Any CPU
		{B8BA1B4C-05F5-44C3-8DAB-87446993714E}.Release|x86.Build.0 = Release|Any CPU
		{A6EE71E0-42BE-4424-8345-F895EC39CE4E}.Debug|Any CPU.ActiveCfg = Debug|Any CPU
		{A6EE71E0-42BE-4424-8345-F895EC39CE4E}.Debug|Any CPU.Build.0 = Debug|Any CPU
		{A6EE71E0-42BE-4424-8345-F895EC39CE4E}.Debug|x64.ActiveCfg = Debug|Any CPU
		{A6EE71E0-42BE-4424-8345-F895EC39CE4E}.Debug|x64.Build.0 = Debug|Any CPU
		{A6EE71E0-42BE-4424-8345-F895EC39CE4E}.Debug|x86.ActiveCfg = Debug|Any CPU
		{A6EE71E0-42BE-4424-8345-F895EC39CE4E}.Debug|x86.Build.0 = Debug|Any CPU
		{A6EE71E0-42BE-4424-8345-F895EC39CE4E}.Release|Any CPU.ActiveCfg = Release|Any CPU
		{A6EE71E0-42BE-4424-8345-F895EC39CE4E}.Release|Any CPU.Build.0 = Release|Any CPU
		{A6EE71E0-42BE-4424-8345-F895EC39CE4E}.Release|x64.ActiveCfg = Release|Any CPU
		{A6EE71E0-42BE-4424-8345-F895EC39CE4E}.Release|x64.Build.0 = Release|Any CPU
		{A6EE71E0-42BE-4424-8345-F895EC39CE4E}.Release|x86.ActiveCfg = Release|Any CPU
		{A6EE71E0-42BE-4424-8345-F895EC39CE4E}.Release|x86.Build.0 = Release|Any CPU
		{02E99248-C6B6-4AF2-9DD9-A105174AAE96}.Debug|Any CPU.ActiveCfg = Debug|Any CPU
		{02E99248-C6B6-4AF2-9DD9-A105174AAE96}.Debug|Any CPU.Build.0 = Debug|Any CPU
		{02E99248-C6B6-4AF2-9DD9-A105174AAE96}.Debug|x64.ActiveCfg = Debug|Any CPU
		{02E99248-C6B6-4AF2-9DD9-A105174AAE96}.Debug|x64.Build.0 = Debug|Any CPU
		{02E99248-C6B6-4AF2-9DD9-A105174AAE96}.Debug|x86.ActiveCfg = Debug|Any CPU
		{02E99248-C6B6-4AF2-9DD9-A105174AAE96}.Debug|x86.Build.0 = Debug|Any CPU
		{02E99248-C6B6-4AF2-9DD9-A105174AAE96}.Release|Any CPU.ActiveCfg = Release|Any CPU
		{02E99248-C6B6-4AF2-9DD9-A105174AAE96}.Release|Any CPU.Build.0 = Release|Any CPU
		{02E99248-C6B6-4AF2-9DD9-A105174AAE96}.Release|x64.ActiveCfg = Release|Any CPU
		{02E99248-C6B6-4AF2-9DD9-A105174AAE96}.Release|x64.Build.0 = Release|Any CPU
		{02E99248-C6B6-4AF2-9DD9-A105174AAE96}.Release|x86.ActiveCfg = Release|Any CPU
		{02E99248-C6B6-4AF2-9DD9-A105174AAE96}.Release|x86.Build.0 = Release|Any CPU
		{C5607F29-31D1-436B-A1E8-4719BEFE65F5}.Debug|Any CPU.ActiveCfg = Debug|Any CPU
		{C5607F29-31D1-436B-A1E8-4719BEFE65F5}.Debug|Any CPU.Build.0 = Debug|Any CPU
		{C5607F29-31D1-436B-A1E8-4719BEFE65F5}.Debug|x64.ActiveCfg = Debug|Any CPU
		{C5607F29-31D1-436B-A1E8-4719BEFE65F5}.Debug|x64.Build.0 = Debug|Any CPU
		{C5607F29-31D1-436B-A1E8-4719BEFE65F5}.Debug|x86.ActiveCfg = Debug|Any CPU
		{C5607F29-31D1-436B-A1E8-4719BEFE65F5}.Debug|x86.Build.0 = Debug|Any CPU
		{C5607F29-31D1-436B-A1E8-4719BEFE65F5}.Release|Any CPU.ActiveCfg = Release|Any CPU
		{C5607F29-31D1-436B-A1E8-4719BEFE65F5}.Release|Any CPU.Build.0 = Release|Any CPU
		{C5607F29-31D1-436B-A1E8-4719BEFE65F5}.Release|x64.ActiveCfg = Release|Any CPU
		{C5607F29-31D1-436B-A1E8-4719BEFE65F5}.Release|x64.Build.0 = Release|Any CPU
		{C5607F29-31D1-436B-A1E8-4719BEFE65F5}.Release|x86.ActiveCfg = Release|Any CPU
		{C5607F29-31D1-436B-A1E8-4719BEFE65F5}.Release|x86.Build.0 = Release|Any CPU
		{05528DA7-58DC-434E-9585-AF7B8014E3A9}.Debug|Any CPU.ActiveCfg = Debug|Any CPU
		{05528DA7-58DC-434E-9585-AF7B8014E3A9}.Debug|Any CPU.Build.0 = Debug|Any CPU
		{05528DA7-58DC-434E-9585-AF7B8014E3A9}.Debug|x64.ActiveCfg = Debug|Any CPU
		{05528DA7-58DC-434E-9585-AF7B8014E3A9}.Debug|x64.Build.0 = Debug|Any CPU
		{05528DA7-58DC-434E-9585-AF7B8014E3A9}.Debug|x86.ActiveCfg = Debug|Any CPU
		{05528DA7-58DC-434E-9585-AF7B8014E3A9}.Debug|x86.Build.0 = Debug|Any CPU
		{05528DA7-58DC-434E-9585-AF7B8014E3A9}.Release|Any CPU.ActiveCfg = Release|Any CPU
		{05528DA7-58DC-434E-9585-AF7B8014E3A9}.Release|Any CPU.Build.0 = Release|Any CPU
		{05528DA7-58DC-434E-9585-AF7B8014E3A9}.Release|x64.ActiveCfg = Release|Any CPU
		{05528DA7-58DC-434E-9585-AF7B8014E3A9}.Release|x64.Build.0 = Release|Any CPU
		{05528DA7-58DC-434E-9585-AF7B8014E3A9}.Release|x86.ActiveCfg = Release|Any CPU
		{05528DA7-58DC-434E-9585-AF7B8014E3A9}.Release|x86.Build.0 = Release|Any CPU
		{42263440-CB77-402B-98A5-D78FC35E1625}.Debug|Any CPU.ActiveCfg = Debug|Any CPU
		{42263440-CB77-402B-98A5-D78FC35E1625}.Debug|Any CPU.Build.0 = Debug|Any CPU
		{42263440-CB77-402B-98A5-D78FC35E1625}.Debug|x64.ActiveCfg = Debug|Any CPU
		{42263440-CB77-402B-98A5-D78FC35E1625}.Debug|x64.Build.0 = Debug|Any CPU
		{42263440-CB77-402B-98A5-D78FC35E1625}.Debug|x86.ActiveCfg = Debug|Any CPU
		{42263440-CB77-402B-98A5-D78FC35E1625}.Debug|x86.Build.0 = Debug|Any CPU
		{42263440-CB77-402B-98A5-D78FC35E1625}.Release|Any CPU.ActiveCfg = Release|Any CPU
		{42263440-CB77-402B-98A5-D78FC35E1625}.Release|Any CPU.Build.0 = Release|Any CPU
		{42263440-CB77-402B-98A5-D78FC35E1625}.Release|x64.ActiveCfg = Release|Any CPU
		{42263440-CB77-402B-98A5-D78FC35E1625}.Release|x64.Build.0 = Release|Any CPU
		{42263440-CB77-402B-98A5-D78FC35E1625}.Release|x86.ActiveCfg = Release|Any CPU
		{42263440-CB77-402B-98A5-D78FC35E1625}.Release|x86.Build.0 = Release|Any CPU
		{C21AAC68-12E7-4962-AF30-348B752D6145}.Debug|Any CPU.ActiveCfg = Debug|Any CPU
		{C21AAC68-12E7-4962-AF30-348B752D6145}.Debug|Any CPU.Build.0 = Debug|Any CPU
		{C21AAC68-12E7-4962-AF30-348B752D6145}.Debug|x64.ActiveCfg = Debug|Any CPU
		{C21AAC68-12E7-4962-AF30-348B752D6145}.Debug|x64.Build.0 = Debug|Any CPU
		{C21AAC68-12E7-4962-AF30-348B752D6145}.Debug|x86.ActiveCfg = Debug|Any CPU
		{C21AAC68-12E7-4962-AF30-348B752D6145}.Debug|x86.Build.0 = Debug|Any CPU
		{C21AAC68-12E7-4962-AF30-348B752D6145}.Release|Any CPU.ActiveCfg = Release|Any CPU
		{C21AAC68-12E7-4962-AF30-348B752D6145}.Release|Any CPU.Build.0 = Release|Any CPU
		{C21AAC68-12E7-4962-AF30-348B752D6145}.Release|x64.ActiveCfg = Release|Any CPU
		{C21AAC68-12E7-4962-AF30-348B752D6145}.Release|x64.Build.0 = Release|Any CPU
		{C21AAC68-12E7-4962-AF30-348B752D6145}.Release|x86.ActiveCfg = Release|Any CPU
		{C21AAC68-12E7-4962-AF30-348B752D6145}.Release|x86.Build.0 = Release|Any CPU
		{FB64B5AD-C55A-4FBE-85A9-B9A8274EA734}.Debug|Any CPU.ActiveCfg = Debug|Any CPU
		{FB64B5AD-C55A-4FBE-85A9-B9A8274EA734}.Debug|Any CPU.Build.0 = Debug|Any CPU
		{FB64B5AD-C55A-4FBE-85A9-B9A8274EA734}.Debug|x64.ActiveCfg = Debug|Any CPU
		{FB64B5AD-C55A-4FBE-85A9-B9A8274EA734}.Debug|x64.Build.0 = Debug|Any CPU
		{FB64B5AD-C55A-4FBE-85A9-B9A8274EA734}.Debug|x86.ActiveCfg = Debug|Any CPU
		{FB64B5AD-C55A-4FBE-85A9-B9A8274EA734}.Debug|x86.Build.0 = Debug|Any CPU
		{FB64B5AD-C55A-4FBE-85A9-B9A8274EA734}.Release|Any CPU.ActiveCfg = Release|Any CPU
		{FB64B5AD-C55A-4FBE-85A9-B9A8274EA734}.Release|Any CPU.Build.0 = Release|Any CPU
		{FB64B5AD-C55A-4FBE-85A9-B9A8274EA734}.Release|x64.ActiveCfg = Release|Any CPU
		{FB64B5AD-C55A-4FBE-85A9-B9A8274EA734}.Release|x64.Build.0 = Release|Any CPU
		{FB64B5AD-C55A-4FBE-85A9-B9A8274EA734}.Release|x86.ActiveCfg = Release|Any CPU
		{FB64B5AD-C55A-4FBE-85A9-B9A8274EA734}.Release|x86.Build.0 = Release|Any CPU
		{10818985-D8AD-411D-BDA1-38EEFDC3B548}.Debug|Any CPU.ActiveCfg = Debug|Any CPU
		{10818985-D8AD-411D-BDA1-38EEFDC3B548}.Debug|Any CPU.Build.0 = Debug|Any CPU
		{10818985-D8AD-411D-BDA1-38EEFDC3B548}.Debug|x64.ActiveCfg = Debug|Any CPU
		{10818985-D8AD-411D-BDA1-38EEFDC3B548}.Debug|x64.Build.0 = Debug|Any CPU
		{10818985-D8AD-411D-BDA1-38EEFDC3B548}.Debug|x86.ActiveCfg = Debug|Any CPU
		{10818985-D8AD-411D-BDA1-38EEFDC3B548}.Debug|x86.Build.0 = Debug|Any CPU
		{10818985-D8AD-411D-BDA1-38EEFDC3B548}.Release|Any CPU.ActiveCfg = Release|Any CPU
		{10818985-D8AD-411D-BDA1-38EEFDC3B548}.Release|Any CPU.Build.0 = Release|Any CPU
		{10818985-D8AD-411D-BDA1-38EEFDC3B548}.Release|x64.ActiveCfg = Release|Any CPU
		{10818985-D8AD-411D-BDA1-38EEFDC3B548}.Release|x64.Build.0 = Release|Any CPU
		{10818985-D8AD-411D-BDA1-38EEFDC3B548}.Release|x86.ActiveCfg = Release|Any CPU
		{10818985-D8AD-411D-BDA1-38EEFDC3B548}.Release|x86.Build.0 = Release|Any CPU
	EndGlobalSection
	GlobalSection(SolutionProperties) = preSolution
		HideSolutionNode = FALSE
	EndGlobalSection
	GlobalSection(NestedProjects) = preSolution
		{5BCFA872-6A2B-4FCB-AF82-E42E7FF09644} = {827E0CD3-B72D-47B6-A68D-7590B98EB39B}
		{2A7487AF-E475-4C8F-BDF1-581D7A241E9E} = {827E0CD3-B72D-47B6-A68D-7590B98EB39B}
		{8A143DCE-2B99-46CB-B938-F17E35F89787} = {827E0CD3-B72D-47B6-A68D-7590B98EB39B}
		{ACA3825D-ECDC-48C7-A0F0-A88E61BEB154} = {827E0CD3-B72D-47B6-A68D-7590B98EB39B}
		{7B841BD1-47A2-487F-ACC0-69808802B28D} = {0AB3BF05-4346-4AA6-1389-037BE0695223}
		{E50F5ADB-52F3-4E1B-9F1A-3FD307030948} = {0AB3BF05-4346-4AA6-1389-037BE0695223}
		{B8BA1B4C-05F5-44C3-8DAB-87446993714E} = {0AB3BF05-4346-4AA6-1389-037BE0695223}
		{A6EE71E0-42BE-4424-8345-F895EC39CE4E} = {07D57EEB-2F50-60C4-C011-FE4FA775C9A8}
		{E6D71080-3836-6B50-26E2-5E41DF5A56BB} = {07D57EEB-2F50-60C4-C011-FE4FA775C9A8}
		{02E99248-C6B6-4AF2-9DD9-A105174AAE96} = {E6D71080-3836-6B50-26E2-5E41DF5A56BB}
		{C5607F29-31D1-436B-A1E8-4719BEFE65F5} = {E6D71080-3836-6B50-26E2-5E41DF5A56BB}
		{05528DA7-58DC-434E-9585-AF7B8014E3A9} = {E6D71080-3836-6B50-26E2-5E41DF5A56BB}
		{42263440-CB77-402B-98A5-D78FC35E1625} = {342A349A-D343-8551-4064-2E2800C39E13}
		{9D954F24-B3F1-FF05-00E7-71549D8DD0D6} = {FF13A09E-0E72-1904-124B-A4E979EF28D3}
		{C21AAC68-12E7-4962-AF30-348B752D6145} = {9D954F24-B3F1-FF05-00E7-71549D8DD0D6}
		{FB64B5AD-C55A-4FBE-85A9-B9A8274EA734} = {B36A84DF-456D-A817-6EDD-3EC3E7F6E11F}
		{10818985-D8AD-411D-BDA1-38EEFDC3B548} = {0AB3BF05-4346-4AA6-1389-037BE0695223}
	EndGlobalSection
EndGlobal
